{
  "nodes": {
    "emacs-overlay": {
      "locked": {
        "lastModified": 1629942401,
        "narHash": "sha256-4MRIwOFtk6MrcRLOpW9L+7mnciKTLx9RRcausiNKBTc=",
        "owner": "nix-community",
        "repo": "emacs-overlay",
        "rev": "a2f8ef0fd034d2d03aba4f92a77224377b605b04",
        "type": "github"
      },
      "original": {
        "owner": "nix-community",
        "repo": "emacs-overlay",
        "type": "github"
      }
    },
    "home-manager": {
      "inputs": {
        "nixpkgs": "nixpkgs"
      },
      "locked": {
        "lastModified": 1629961460,
        "narHash": "sha256-t0UEf5bIJg4TKrqN3dF2rS65iyKCUTT0RfW2f5lWMQw=",
        "owner": "nix-community",
        "repo": "home-manager",
        "rev": "f637e145d758ab183d3dba096c9312eae8bc0c7c",
        "type": "github"
      },
      "original": {
        "owner": "nix-community",
        "repo": "home-manager",
        "type": "github"
      }
    },
    "nixpkgs": {
      "locked": {
        "lastModified": 1629964385,
        "narHash": "sha256-svg4CDphLlvnP31sbz5V7UFHT4i21qD2sxNWbLd2BN0=",
        "owner": "NixOS",
        "repo": "nixpkgs",
        "rev": "612a8fa189dd1a9499d1c12d2b0d0bc3cf5b8969",
        "type": "github"
      },
      "original": {
        "id": "nixpkgs",
        "type": "indirect"
      }
    },
    "nixpkgs_2": {
      "locked": {
        "lastModified": 1629705759,
        "narHash": "sha256-M5sHgjA1OZn/c21pk64qd5kjbkBpbZuYwgaDEl9kiP8=",
        "owner": "nixos",
        "repo": "nixpkgs",
        "rev": "5bc8b980b9178ef9a4bb622320cf34e59ea2ea10",
        "type": "github"
      },
      "original": {
        "owner": "nixos",
        "ref": "nixos-unstable",
        "repo": "nixpkgs",
        "type": "github"
      }
    },
    "nur": {
      "locked": {
        "lastModified": 1629961979,
        "narHash": "sha256-0B4hsLTvPrXKerhZN9Q4RcavnUm05QgROe6Qw32EEgU=",
        "owner": "nix-community",
        "repo": "NUR",
        "rev": "f4b4c707060751ab067d7d3415cf034e7c01b383",
        "type": "github"
      },
      "original": {
        "owner": "nix-community",
        "repo": "NUR",
        "type": "github"
      }
    },
    "root": {
      "inputs": {
        "emacs-overlay": "emacs-overlay",
        "home-manager": "home-manager",
        "nixpkgs": "nixpkgs_2",
        "nur": "nur"
      }
    }
  },
  "root": "root",
  "version": 7
}
