{
  "nodes": {
    "emacs-overlay": {
      "locked": {
        "lastModified": 1629250486,
        "narHash": "sha256-L9izjLJUC9wzANrWAEYB1srD7Mf10XXtm3nv2XJHTcM=",
        "owner": "nix-community",
        "repo": "emacs-overlay",
        "rev": "203f890b687c2d981200130549bda4df65349789",
        "type": "github"
      },
      "original": {
        "owner": "nix-community",
        "repo": "emacs-overlay",
        "type": "github"
      }
    },
    "home-manager": {
      "inputs": {
        "nixpkgs": [
          "nixpkgs"
        ]
      },
      "locked": {
        "lastModified": 1629255483,
        "narHash": "sha256-hG6CrmH6ltZbORAWnSLIo+NlRV8ICDN43yhnp03CEWE=",
        "owner": "nix-community",
        "repo": "home-manager",
        "rev": "a5c609b4b1cd4e1381ac8ea1b7d5b0792ebde0a3",
        "type": "github"
      },
      "original": {
        "owner": "nix-community",
        "repo": "home-manager",
        "type": "github"
      }
    },
    "nixpkgs": {
      "locked": {
        "lastModified": 1629137058,
        "narHash": "sha256-rOOLXq8/HcqlKNTJdSiPqB+kbYdcjBaGwqq6pP5IOfQ=",
        "owner": "nixos",
        "repo": "nixpkgs",
        "rev": "23485f23ff8536592b5178a5d244f84da770bc87",
        "type": "github"
      },
      "original": {
        "owner": "nixos",
        "ref": "nixos-unstable",
        "repo": "nixpkgs",
        "type": "github"
      }
    },
    "nur": {
      "locked": {
        "lastModified": 1629255905,
        "narHash": "sha256-Xf48OYm3bqbtRnvoB0WUvuDbn0N5kuSPscEuGY9HMYs=",
        "owner": "nix-community",
        "repo": "NUR",
        "rev": "860efeb096c4037db79a163d6c4401c47c4ee259",
        "type": "github"
      },
      "original": {
        "owner": "nix-community",
        "repo": "NUR",
        "type": "github"
      }
    },
    "root": {
      "inputs": {
        "emacs-overlay": "emacs-overlay",
        "home-manager": "home-manager",
        "nixpkgs": "nixpkgs",
        "nur": "nur"
      }
    }
  },
  "root": "root",
  "version": 7
}
